
Microsoft Visual Studio Solution File, Format Version 12.00
# Visual Studio Version 17
VisualStudioVersion = 17.3.32819.101
MinimumVisualStudioVersion = 10.0.40219.1
Project("{9A19103F-16F7-4668-BE54-9A1E7A4F7556}") = "CSharpS01E01", "CSharpS01E01\CSharpS01E01.csproj", "{7FC11BC1-C749-4641-AF23-B0EA002A1452}"
EndProject
Project("{9A19103F-16F7-4668-BE54-9A1E7A4F7556}") = "CSharpS01E02", "CSharpS01E02\CSharpS01E02.csproj", "{3C8FD637-1066-41D8-9957-8F3B7D28C64E}"
EndProject
Project("{9A19103F-16F7-4668-BE54-9A1E7A4F7556}") = "CSharpS01E03Variable", "CSharpS01E03Variable\CSharpS01E03Variable.csproj", "{AB7F4073-A4DB-43DF-BEF0-E648216613C4}"
EndProject
Project("{9A19103F-16F7-4668-BE54-9A1E7A4F7556}") = "CSharpS01E04characterVariable", "CSharpS01E04characterVariable\CSharpS01E04characterVariable.csproj", "{48F821EC-204B-4018-8518-84463B30F794}"
EndProject
Project("{9A19103F-16F7-4668-BE54-9A1E7A4F7556}") = "CSharpS01E05CharacterPractice", "CSharpS01E05CharacterPractice\CSharpS01E05CharacterPractice.csproj", "{E2250AD6-C2BD-48CA-9933-00296E723BD8}"
EndProject
Project("{9A19103F-16F7-4668-BE54-9A1E7A4F7556}") = "CSharpS01E15SortNumber", "CSharpS01E15SortNumber\CSharpS01E15SortNumber.csproj", "{9C7EA034-8521-46C6-AC72-50AB66B08F61}"
EndProject
Project("{9A19103F-16F7-4668-BE54-9A1E7A4F7556}") = "CSharpS01E17Exercise", "CSharpS01E17Exercise\CSharpS01E17Exercise.csproj", "{CCAF0B72-AD88-4317-8E38-2348EE92A4CE}"
EndProject
Project("{9A19103F-16F7-4668-BE54-9A1E7A4F7556}") = "CSharpS01E18While", "CSharpS01E18While\CSharpS01E18While.csproj", "{4BF94CC5-1819-491C-96E6-93732B39514E}"
EndProject
Project("{FAE04EC0-301F-11D3-BF4B-00C04F79EFBC}") = "CSharpS01E19WhilePractice", "CSharpS01E19WhilePractice\CSharpS01E19WhilePractice.csproj", "{22A106E5-5020-4A73-9499-5221D4159115}"
EndProject
Global
	GlobalSection(SolutionConfigurationPlatforms) = preSolution
		Debug|Any CPU = Debug|Any CPU
		Release|Any CPU = Release|Any CPU
	EndGlobalSection
	GlobalSection(ProjectConfigurationPlatforms) = postSolution
		{7FC11BC1-C749-4641-AF23-B0EA002A1452}.Debug|Any CPU.ActiveCfg = Debug|Any CPU
		{7FC11BC1-C749-4641-AF23-B0EA002A1452}.Debug|Any CPU.Build.0 = Debug|Any CPU
		{7FC11BC1-C749-4641-AF23-B0EA002A1452}.Release|Any CPU.ActiveCfg = Release|Any CPU
		{7FC11BC1-C749-4641-AF23-B0EA002A1452}.Release|Any CPU.Build.0 = Release|Any CPU
		{3C8FD637-1066-41D8-9957-8F3B7D28C64E}.Debug|Any CPU.ActiveCfg = Debug|Any CPU
		{3C8FD637-1066-41D8-9957-8F3B7D28C64E}.Debug|Any CPU.Build.0 = Debug|Any CPU
		{3C8FD637-1066-41D8-9957-8F3B7D28C64E}.Release|Any CPU.ActiveCfg = Release|Any CPU
		{3C8FD637-1066-41D8-9957-8F3B7D28C64E}.Release|Any CPU.Build.0 = Release|Any CPU
		{AB7F4073-A4DB-43DF-BEF0-E648216613C4}.Debug|Any CPU.ActiveCfg = Debug|Any CPU
		{AB7F4073-A4DB-43DF-BEF0-E648216613C4}.Debug|Any CPU.Build.0 = Debug|Any CPU
		{AB7F4073-A4DB-43DF-BEF0-E648216613C4}.Release|Any CPU.ActiveCfg = Release|Any CPU
		{AB7F4073-A4DB-43DF-BEF0-E648216613C4}.Release|Any CPU.Build.0 = Release|Any CPU
		{48F821EC-204B-4018-8518-84463B30F794}.Debug|Any CPU.ActiveCfg = Debug|Any CPU
		{48F821EC-204B-4018-8518-84463B30F794}.Debug|Any CPU.Build.0 = Debug|Any CPU
		{48F821EC-204B-4018-8518-84463B30F794}.Release|Any CPU.ActiveCfg = Release|Any CPU
		{48F821EC-204B-4018-8518-84463B30F794}.Release|Any CPU.Build.0 = Release|Any CPU
		{E2250AD6-C2BD-48CA-9933-00296E723BD8}.Debug|Any CPU.ActiveCfg = Debug|Any CPU
		{E2250AD6-C2BD-48CA-9933-00296E723BD8}.Debug|Any CPU.Build.0 = Debug|Any CPU
		{E2250AD6-C2BD-48CA-9933-00296E723BD8}.Release|Any CPU.ActiveCfg = Release|Any CPU
		{E2250AD6-C2BD-48CA-9933-00296E723BD8}.Release|Any CPU.Build.0 = Release|Any CPU
		{9C7EA034-8521-46C6-AC72-50AB66B08F61}.Debug|Any CPU.ActiveCfg = Debug|Any CPU
		{9C7EA034-8521-46C6-AC72-50AB66B08F61}.Debug|Any CPU.Build.0 = Debug|Any CPU
		{9C7EA034-8521-46C6-AC72-50AB66B08F61}.Release|Any CPU.ActiveCfg = Release|Any CPU
		{9C7EA034-8521-46C6-AC72-50AB66B08F61}.Release|Any CPU.Build.0 = Release|Any CPU
		{CCAF0B72-AD88-4317-8E38-2348EE92A4CE}.Debug|Any CPU.ActiveCfg = Debug|Any CPU
		{CCAF0B72-AD88-4317-8E38-2348EE92A4CE}.Debug|Any CPU.Build.0 = Debug|Any CPU
		{CCAF0B72-AD88-4317-8E38-2348EE92A4CE}.Release|Any CPU.ActiveCfg = Release|Any CPU
		{CCAF0B72-AD88-4317-8E38-2348EE92A4CE}.Release|Any CPU.Build.0 = Release|Any CPU
		{4BF94CC5-1819-491C-96E6-93732B39514E}.Debug|Any CPU.ActiveCfg = Debug|Any CPU
		{4BF94CC5-1819-491C-96E6-93732B39514E}.Debug|Any CPU.Build.0 = Debug|Any CPU
		{4BF94CC5-1819-491C-96E6-93732B39514E}.Release|Any CPU.ActiveCfg = Release|Any CPU
		{4BF94CC5-1819-491C-96E6-93732B39514E}.Release|Any CPU.Build.0 = Release|Any CPU
		{22A106E5-5020-4A73-9499-5221D4159115}.Debug|Any CPU.ActiveCfg = Debug|Any CPU
		{22A106E5-5020-4A73-9499-5221D4159115}.Debug|Any CPU.Build.0 = Debug|Any CPU
		{22A106E5-5020-4A73-9499-5221D4159115}.Release|Any CPU.ActiveCfg = Release|Any CPU
		{22A106E5-5020-4A73-9499-5221D4159115}.Release|Any CPU.Build.0 = Release|Any CPU
	EndGlobalSection
	GlobalSection(SolutionProperties) = preSolution
		HideSolutionNode = FALSE
	EndGlobalSection
	GlobalSection(ExtensibilityGlobals) = postSolution
		SolutionGuid = {2988E2B6-591D-478A-94A3-BC8325A79F76}
	EndGlobalSection
EndGlobal
